
Microsoft Visual Studio Solution File, Format Version 12.00
# Visual Studio Version 16
VisualStudioVersion = 16.0.30104.148
MinimumVisualStudioVersion = 10.0.40219.1
Project("{FAE04EC0-301F-11D3-BF4B-00C04F79EFBC}") = "final", "final.csproj", "{94000447-ED47-4DE7-A7D8-C0A616DF703A}"
EndProject
Project("{FAE04EC0-301F-11D3-BF4B-00C04F79EFBC}") = "DataLayer", "..\DataLayer\DataLayer.csproj", "{51DC49D7-D00E-413A-B50B-91D779DB9CBB}"
EndProject
Project("{FAE04EC0-301F-11D3-BF4B-00C04F79EFBC}") = "final.Test", "..\final.Test\final.Test.csproj", "{8C3B14B4-6F5E-4D1E-A3D4-28B610DDE3EE}"
EndProject
Global
	GlobalSection(SolutionConfigurationPlatforms) = preSolution
		Debug|Any CPU = Debug|Any CPU
		Release|Any CPU = Release|Any CPU
	EndGlobalSection
	GlobalSection(ProjectConfigurationPlatforms) = postSolution
		{94000447-ED47-4DE7-A7D8-C0A616DF703A}.Debug|Any CPU.ActiveCfg = Debug|Any CPU
		{94000447-ED47-4DE7-A7D8-C0A616DF703A}.Debug|Any CPU.Build.0 = Debug|Any CPU
		{94000447-ED47-4DE7-A7D8-C0A616DF703A}.Release|Any CPU.ActiveCfg = Release|Any CPU
		{94000447-ED47-4DE7-A7D8-C0A616DF703A}.Release|Any CPU.Build.0 = Release|Any CPU
		{51DC49D7-D00E-413A-B50B-91D779DB9CBB}.Debug|Any CPU.ActiveCfg = Debug|Any CPU
		{51DC49D7-D00E-413A-B50B-91D779DB9CBB}.Debug|Any CPU.Build.0 = Debug|Any CPU
		{51DC49D7-D00E-413A-B50B-91D779DB9CBB}.Release|Any CPU.ActiveCfg = Release|Any CPU
		{51DC49D7-D00E-413A-B50B-91D779DB9CBB}.Release|Any CPU.Build.0 = Release|Any CPU
		{8C3B14B4-6F5E-4D1E-A3D4-28B610DDE3EE}.Debug|Any CPU.ActiveCfg = Debug|Any CPU
		{8C3B14B4-6F5E-4D1E-A3D4-28B610DDE3EE}.Debug|Any CPU.Build.0 = Debug|Any CPU
		{8C3B14B4-6F5E-4D1E-A3D4-28B610DDE3EE}.Release|Any CPU.ActiveCfg = Release|Any CPU
		{8C3B14B4-6F5E-4D1E-A3D4-28B610DDE3EE}.Release|Any CPU.Build.0 = Release|Any CPU
	EndGlobalSection
	GlobalSection(SolutionProperties) = preSolution
		HideSolutionNode = FALSE
	EndGlobalSection
	GlobalSection(ExtensibilityGlobals) = postSolution
		SolutionGuid = {A7C7CF57-C735-469E-89B0-D2588346AC33}
	EndGlobalSection
EndGlobal
